
Microsoft Visual Studio Solution File, Format Version 12.00
# Visual Studio 15
VisualStudioVersion = 15.0.27130.2010
MinimumVisualStudioVersion = 10.0.40219.1
Project("{FAE04EC0-301F-11D3-BF4B-00C04F79EFBC}") = "prj_2017_12_12_Console_Class", "prj01_ConsoleApplication\prj_2017_12_12_Console_Class.csproj", "{FF9A5737-AD2E-4169-8A71-8A86283C89D7}"
EndProject
Project("{FAE04EC0-301F-11D3-BF4B-00C04F79EFBC}") = "prj_2017_12_14_Switch", "prj01_ConsoleApplication1\prj_2017_12_14_Switch.csproj", "{8D541107-7729-4DA4-8800-E9E534458141}"
EndProject
Project("{FAE04EC0-301F-11D3-BF4B-00C04F79EFBC}") = "prj_2017_12_14_Robot", "pr02_ConsoleApplication\prj_2017_12_14_Robot.csproj", "{2B9D06B0-21CB-4B7C-A23D-942C134E0E3A}"
EndProject
Project("{FAE04EC0-301F-11D3-BF4B-00C04F79EFBC}") = "prj_2017_12_14_Units", "pr03_ConsoleApplication\prj_2017_12_14_Units.csproj", "{A70C47C8-7DBA-412D-AD99-D538031EAE45}"
EndProject
Project("{FAE04EC0-301F-11D3-BF4B-00C04F79EFBC}") = "prj_2017_12_14_Cards", "pr04_ConsoleApplication\prj_2017_12_14_Cards.csproj", "{3FD005D4-51E8-446B-A491-B388563E7FD3}"
EndProject
Project("{FAE04EC0-301F-11D3-BF4B-00C04F79EFBC}") = "prj_2017_12_19_Array", "prj_2017_12_19_Array\prj_2017_12_19_Array.csproj", "{542E08D8-4D36-4756-9084-C49D3DC101D8}"
EndProject
Project("{FAE04EC0-301F-11D3-BF4B-00C04F79EFBC}") = "prj_2017_12_21_Array_N", "prj_2017_12_21_Array_N\prj_2017_12_21_Array_N.csproj", "{1DD88C2D-468A-40F2-9FAE-6A9AB5814534}"
EndProject
Project("{FAE04EC0-301F-11D3-BF4B-00C04F79EFBC}") = "prj_2018_01_16_Animals", "prj_2018_01_16\prj_2018_01_16_Animals.csproj", "{500495E8-2924-4DFF-9526-EA19D34863EB}"
EndProject
Project("{FAE04EC0-301F-11D3-BF4B-00C04F79EFBC}") = "prj_2018_01_18_Shop", "prj_2018_01_18_Shop\prj_2018_01_18_Shop.csproj", "{CFBCEA48-E3A3-4124-87B5-52046557ACA1}"
EndProject
Project("{FAE04EC0-301F-11D3-BF4B-00C04F79EFBC}") = "prj_2018_01_22_Bazar", "prj_2018_01_22_Bazar\prj_2018_01_22_Bazar.csproj", "{A584CCF7-839D-4C7B-B9E1-6666AE1E2F7B}"
EndProject
Project("{FAE04EC0-301F-11D3-BF4B-00C04F79EFBC}") = "prj_2018_01_23_Students", "prj_2018_01_23_Students\prj_2018_01_23_Students.csproj", "{022E1308-4711-4DA4-AE67-3B5FBE7D9485}"
EndProject
Project("{FAE04EC0-301F-11D3-BF4B-00C04F79EFBC}") = "prj_2018_01_25_People", "prj_2018_01_25_People\prj_2018_01_25_People.csproj", "{4FBCE5FC-FE67-426D-8907-39134937C755}"
EndProject
Global
	GlobalSection(SolutionConfigurationPlatforms) = preSolution
		Debug|Any CPU = Debug|Any CPU
		Release|Any CPU = Release|Any CPU
	EndGlobalSection
	GlobalSection(ProjectConfigurationPlatforms) = postSolution
		{FF9A5737-AD2E-4169-8A71-8A86283C89D7}.Debug|Any CPU.ActiveCfg = Debug|Any CPU
		{FF9A5737-AD2E-4169-8A71-8A86283C89D7}.Debug|Any CPU.Build.0 = Debug|Any CPU
		{FF9A5737-AD2E-4169-8A71-8A86283C89D7}.Release|Any CPU.ActiveCfg = Release|Any CPU
		{FF9A5737-AD2E-4169-8A71-8A86283C89D7}.Release|Any CPU.Build.0 = Release|Any CPU
		{8D541107-7729-4DA4-8800-E9E534458141}.Debug|Any CPU.ActiveCfg = Debug|Any CPU
		{8D541107-7729-4DA4-8800-E9E534458141}.Debug|Any CPU.Build.0 = Debug|Any CPU
		{8D541107-7729-4DA4-8800-E9E534458141}.Release|Any CPU.ActiveCfg = Release|Any CPU
		{8D541107-7729-4DA4-8800-E9E534458141}.Release|Any CPU.Build.0 = Release|Any CPU
		{2B9D06B0-21CB-4B7C-A23D-942C134E0E3A}.Debug|Any CPU.ActiveCfg = Debug|Any CPU
		{2B9D06B0-21CB-4B7C-A23D-942C134E0E3A}.Debug|Any CPU.Build.0 = Debug|Any CPU
		{2B9D06B0-21CB-4B7C-A23D-942C134E0E3A}.Release|Any CPU.ActiveCfg = Release|Any CPU
		{2B9D06B0-21CB-4B7C-A23D-942C134E0E3A}.Release|Any CPU.Build.0 = Release|Any CPU
		{A70C47C8-7DBA-412D-AD99-D538031EAE45}.Debug|Any CPU.ActiveCfg = Debug|Any CPU
		{A70C47C8-7DBA-412D-AD99-D538031EAE45}.Debug|Any CPU.Build.0 = Debug|Any CPU
		{A70C47C8-7DBA-412D-AD99-D538031EAE45}.Release|Any CPU.ActiveCfg = Release|Any CPU
		{A70C47C8-7DBA-412D-AD99-D538031EAE45}.Release|Any CPU.Build.0 = Release|Any CPU
		{3FD005D4-51E8-446B-A491-B388563E7FD3}.Debug|Any CPU.ActiveCfg = Debug|Any CPU
		{3FD005D4-51E8-446B-A491-B388563E7FD3}.Debug|Any CPU.Build.0 = Debug|Any CPU
		{3FD005D4-51E8-446B-A491-B388563E7FD3}.Release|Any CPU.ActiveCfg = Release|Any CPU
		{3FD005D4-51E8-446B-A491-B388563E7FD3}.Release|Any CPU.Build.0 = Release|Any CPU
		{542E08D8-4D36-4756-9084-C49D3DC101D8}.Debug|Any CPU.ActiveCfg = Debug|Any CPU
		{542E08D8-4D36-4756-9084-C49D3DC101D8}.Debug|Any CPU.Build.0 = Debug|Any CPU
		{542E08D8-4D36-4756-9084-C49D3DC101D8}.Release|Any CPU.ActiveCfg = Release|Any CPU
		{542E08D8-4D36-4756-9084-C49D3DC101D8}.Release|Any CPU.Build.0 = Release|Any CPU
		{1DD88C2D-468A-40F2-9FAE-6A9AB5814534}.Debug|Any CPU.ActiveCfg = Debug|Any CPU
		{1DD88C2D-468A-40F2-9FAE-6A9AB5814534}.Debug|Any CPU.Build.0 = Debug|Any CPU
		{1DD88C2D-468A-40F2-9FAE-6A9AB5814534}.Release|Any CPU.ActiveCfg = Release|Any CPU
		{1DD88C2D-468A-40F2-9FAE-6A9AB5814534}.Release|Any CPU.Build.0 = Release|Any CPU
		{500495E8-2924-4DFF-9526-EA19D34863EB}.Debug|Any CPU.ActiveCfg = Debug|Any CPU
		{500495E8-2924-4DFF-9526-EA19D34863EB}.Debug|Any CPU.Build.0 = Debug|Any CPU
		{500495E8-2924-4DFF-9526-EA19D34863EB}.Release|Any CPU.ActiveCfg = Release|Any CPU
		{500495E8-2924-4DFF-9526-EA19D34863EB}.Release|Any CPU.Build.0 = Release|Any CPU
		{CFBCEA48-E3A3-4124-87B5-52046557ACA1}.Debug|Any CPU.ActiveCfg = Debug|Any CPU
		{CFBCEA48-E3A3-4124-87B5-52046557ACA1}.Debug|Any CPU.Build.0 = Debug|Any CPU
		{CFBCEA48-E3A3-4124-87B5-52046557ACA1}.Release|Any CPU.ActiveCfg = Release|Any CPU
		{CFBCEA48-E3A3-4124-87B5-52046557ACA1}.Release|Any CPU.Build.0 = Release|Any CPU
		{A584CCF7-839D-4C7B-B9E1-6666AE1E2F7B}.Debug|Any CPU.ActiveCfg = Debug|Any CPU
		{A584CCF7-839D-4C7B-B9E1-6666AE1E2F7B}.Debug|Any CPU.Build.0 = Debug|Any CPU
		{A584CCF7-839D-4C7B-B9E1-6666AE1E2F7B}.Release|Any CPU.ActiveCfg = Release|Any CPU
		{A584CCF7-839D-4C7B-B9E1-6666AE1E2F7B}.Release|Any CPU.Build.0 = Release|Any CPU
		{022E1308-4711-4DA4-AE67-3B5FBE7D9485}.Debug|Any CPU.ActiveCfg = Debug|Any CPU
		{022E1308-4711-4DA4-AE67-3B5FBE7D9485}.Debug|Any CPU.Build.0 = Debug|Any CPU
		{022E1308-4711-4DA4-AE67-3B5FBE7D9485}.Release|Any CPU.ActiveCfg = Release|Any CPU
		{022E1308-4711-4DA4-AE67-3B5FBE7D9485}.Release|Any CPU.Build.0 = Release|Any CPU
		{4FBCE5FC-FE67-426D-8907-39134937C755}.Debug|Any CPU.ActiveCfg = Debug|Any CPU
		{4FBCE5FC-FE67-426D-8907-39134937C755}.Debug|Any CPU.Build.0 = Debug|Any CPU
		{4FBCE5FC-FE67-426D-8907-39134937C755}.Release|Any CPU.ActiveCfg = Release|Any CPU
		{4FBCE5FC-FE67-426D-8907-39134937C755}.Release|Any CPU.Build.0 = Release|Any CPU
	EndGlobalSection
	GlobalSection(SolutionProperties) = preSolution
		HideSolutionNode = FALSE
	EndGlobalSection
	GlobalSection(ExtensibilityGlobals) = postSolution
		SolutionGuid = {7A3066A3-8E13-4BDA-A1C0-2D3A8EDCB6E6}
	EndGlobalSection
EndGlobal
