
Microsoft Visual Studio Solution File, Format Version 12.00
# Visual Studio 15
VisualStudioVersion = 15.0.27130.2003
MinimumVisualStudioVersion = 10.0.40219.1
Project("{FAE04EC0-301F-11D3-BF4B-00C04F79EFBC}") = "For1-40", "For1-40\For1-40.csproj", "{2F52DC79-58E9-4897-96E3-33C5253F18D9}"
EndProject
Global
	GlobalSection(SolutionConfigurationPlatforms) = preSolution
		Debug|Any CPU = Debug|Any CPU
		Release|Any CPU = Release|Any CPU
	EndGlobalSection
	GlobalSection(ProjectConfigurationPlatforms) = postSolution
		{2F52DC79-58E9-4897-96E3-33C5253F18D9}.Debug|Any CPU.ActiveCfg = Debug|Any CPU
		{2F52DC79-58E9-4897-96E3-33C5253F18D9}.Debug|Any CPU.Build.0 = Debug|Any CPU
		{2F52DC79-58E9-4897-96E3-33C5253F18D9}.Release|Any CPU.ActiveCfg = Release|Any CPU
		{2F52DC79-58E9-4897-96E3-33C5253F18D9}.Release|Any CPU.Build.0 = Release|Any CPU
	EndGlobalSection
	GlobalSection(SolutionProperties) = preSolution
		HideSolutionNode = FALSE
	EndGlobalSection
	GlobalSection(ExtensibilityGlobals) = postSolution
		SolutionGuid = {04674199-E72B-4CD9-8516-C8A273E8E0F8}
	EndGlobalSection
EndGlobal
